<?xml version="1.0" encoding="utf-8"?>
<Project ToolsVersion="4.0" xmlns="http://schemas.microsoft.com/developer/msbuild/2003">
  <ItemGroup>
    <Filter Include="소스 파일">
      <UniqueIdentifier>{4FC737F1-C7A5-4376-A066-2A32D752A2FF}</UniqueIdentifier>
      <Extensions>cpp;c;cc;cxx;def;odl;idl;hpj;bat;asm;asmx</Extensions>
    </Filter>
    <Filter Include="헤더 파일">
      <UniqueIdentifier>{93995380-89BD-4b04-88EB-625FBE52EBFB}</UniqueIdentifier>
      <Extensions>h;hh;hpp;hxx;hm;inl;inc;ipp;xsd</Extensions>
    </Filter>
    <Filter Include="리소스 파일">
      <UniqueIdentifier>{67DA6AB6-F800-4c08-8B7A-83BB121AAD01}</UniqueIdentifier>
      <Extensions>rc;ico;cur;bmp;dlg;rc2;rct;bin;rgs;gif;jpg;jpeg;jpe;resx;tiff;tif;png;wav;mfcribbon-ms</Extensions>
    </Filter>
    <Filter Include="PCH">
      <UniqueIdentifier>{309d7491-4a8a-4163-ad4c-3d5ce3dbb684}</UniqueIdentifier>
    </Filter>
    <Filter Include="소스 파일\IOCPServer">
      <UniqueIdentifier>{a1e5be4e-6f64-4fdb-8ff8-9e857070f41f}</UniqueIdentifier>
    </Filter>
    <Filter Include="소스 파일\Protocol">
      <UniqueIdentifier>{42603e14-ab4b-494f-b783-cf54ae025045}</UniqueIdentifier>
    </Filter>
    <Filter Include="소스 파일\Room">
      <UniqueIdentifier>{9e2d043b-792c-43e0-b1b9-30f12a2c52d4}</UniqueIdentifier>
    </Filter>
    <Filter Include="소스 파일\UserData">
      <UniqueIdentifier>{40b8e0ba-6a40-4692-889c-1160b53e839d}</UniqueIdentifier>
    </Filter>
  </ItemGroup>
  <ItemGroup>
    <ClCompile Include="stdafx.cpp">
      <Filter>PCH</Filter>
    </ClCompile>
    <ClCompile Include="main.cpp">
      <Filter>소스 파일</Filter>
    </ClCompile>
    <ClCompile Include="IOCPServer\IOCPServer.cpp">
      <Filter>소스 파일\IOCPServer</Filter>
    </ClCompile>
  </ItemGroup>
  <ItemGroup>
    <ClInclude Include="stdafx.h">
      <Filter>PCH</Filter>
    </ClInclude>
    <ClInclude Include="IOCPServer\IOCPServer.h">
      <Filter>소스 파일\IOCPServer</Filter>
    </ClInclude>
    <ClInclude Include="Protocol\CommunicationProtocol.h">
      <Filter>소스 파일\Protocol</Filter>
    </ClInclude>
    <ClInclude Include="GameRoom\GameRoom.h">
      <Filter>소스 파일\Room</Filter>
    </ClInclude>
    <ClInclude Include="UserData\UserData.h">
      <Filter>소스 파일\UserData</Filter>
    </ClInclude>
  </ItemGroup>
</Project>