<?xml version="1.0" encoding="utf-8"?>
<Project ToolsVersion="4.0" xmlns="http://schemas.microsoft.com/developer/msbuild/2003">
  <ItemGroup>
    <Filter Include="소스 파일">
      <UniqueIdentifier>{4FC737F1-C7A5-4376-A066-2A32D752A2FF}</UniqueIdentifier>
      <Extensions>cpp;c;cc;cxx;def;odl;idl;hpj;bat;asm;asmx</Extensions>
    </Filter>
    <Filter Include="헤더 파일">
      <UniqueIdentifier>{93995380-89BD-4b04-88EB-625FBE52EBFB}</UniqueIdentifier>
      <Extensions>h;hh;hpp;hxx;hm;inl;inc;ipp;xsd</Extensions>
    </Filter>
    <Filter Include="리소스 파일">
      <UniqueIdentifier>{67DA6AB6-F800-4c08-8B7A-83BB121AAD01}</UniqueIdentifier>
      <Extensions>rc;ico;cur;bmp;dlg;rc2;rct;bin;rgs;gif;jpg;jpeg;jpe;resx;tiff;tif;png;wav;mfcribbon-ms</Extensions>
    </Filter>
    <Filter Include="PCH">
      <UniqueIdentifier>{309d7491-4a8a-4163-ad4c-3d5ce3dbb684}</UniqueIdentifier>
    </Filter>
    <Filter Include="소스 파일\IOCPServer">
      <UniqueIdentifier>{a1e5be4e-6f64-4fdb-8ff8-9e857070f41f}</UniqueIdentifier>
    </Filter>
    <Filter Include="소스 파일\Protocol">
      <UniqueIdentifier>{42603e14-ab4b-494f-b783-cf54ae025045}</UniqueIdentifier>
    </Filter>
    <Filter Include="소스 파일\Room">
      <UniqueIdentifier>{9e2d043b-792c-43e0-b1b9-30f12a2c52d4}</UniqueIdentifier>
    </Filter>
    <Filter Include="소스 파일\UserData">
      <UniqueIdentifier>{40b8e0ba-6a40-4692-889c-1160b53e839d}</UniqueIdentifier>
    </Filter>
    <Filter Include="소스 파일\SceneNetworkManager">
      <UniqueIdentifier>{4a588f25-7657-45b3-a7e8-1d23479a1ef0}</UniqueIdentifier>
    </Filter>
    <Filter Include="소스 파일\SceneNetworkManager\_0_TitleScene">
      <UniqueIdentifier>{45201c4d-5a9f-4cd2-a55f-398c6b43f418}</UniqueIdentifier>
    </Filter>
    <Filter Include="소스 파일\SceneNetworkManager\_1_LoginScene">
      <UniqueIdentifier>{d0a66b3a-b446-4cff-bc03-bb576cfe0635}</UniqueIdentifier>
    </Filter>
    <Filter Include="소스 파일\SceneNetworkManager\_2_MainUIScene">
      <UniqueIdentifier>{cfd98d5f-d5ff-4209-98c1-4690f0436800}</UniqueIdentifier>
    </Filter>
    <Filter Include="소스 파일\SceneNetworkManager\_3_LobbyScene">
      <UniqueIdentifier>{5dc64aed-c188-4672-a145-770b4a1e7bf6}</UniqueIdentifier>
    </Filter>
    <Filter Include="소스 파일\SceneNetworkManager\_4_RoomScene">
      <UniqueIdentifier>{31376ee1-179e-42ed-b66e-1b38caa76073}</UniqueIdentifier>
    </Filter>
    <Filter Include="소스 파일\SceneNetworkManager\_5_InGameScene">
      <UniqueIdentifier>{ea0848a3-d699-44c7-a8d3-a312a2c6e40c}</UniqueIdentifier>
    </Filter>
  </ItemGroup>
  <ItemGroup>
    <ClCompile Include="main.cpp">
      <Filter>소스 파일</Filter>
    </ClCompile>
    <ClCompile Include="IOCPServer\IOCPServer.cpp">
      <Filter>소스 파일\IOCPServer</Filter>
    </ClCompile>
    <ClCompile Include="GameRoom\GameRoomManager.cpp">
      <Filter>소스 파일\Room</Filter>
    </ClCompile>
    <ClCompile Include="SceneNetworkManager\_0_TitleScene\TitleScene.cpp">
      <Filter>소스 파일\SceneNetworkManager\_0_TitleScene</Filter>
    </ClCompile>
    <ClCompile Include="SceneNetworkManager\_1_LoginScene\LoginScene.cpp">
      <Filter>소스 파일\SceneNetworkManager\_1_LoginScene</Filter>
    </ClCompile>
    <ClCompile Include="SceneNetworkManager\_2_MainUIScene\MainUIScene.cpp">
      <Filter>소스 파일\SceneNetworkManager\_2_MainUIScene</Filter>
    </ClCompile>
    <ClCompile Include="SceneNetworkManager\_3_LobbyScene\LobbyScene.cpp">
      <Filter>소스 파일\SceneNetworkManager\_3_LobbyScene</Filter>
    </ClCompile>
    <ClCompile Include="SceneNetworkManager\_4_RoomScene\RoomScene.cpp">
      <Filter>소스 파일\SceneNetworkManager\_4_RoomScene</Filter>
    </ClCompile>
    <ClCompile Include="SceneNetworkManager\_5_InGameScene\InGameScene.cpp">
      <Filter>소스 파일\SceneNetworkManager\_5_InGameScene</Filter>
    </ClCompile>
    <ClCompile Include="PCH\stdafx.cpp">
      <Filter>PCH</Filter>
    </ClCompile>
    <ClCompile Include="GameRoom\GameRoom.cpp">
      <Filter>소스 파일\Room</Filter>
    </ClCompile>
    <ClCompile Include="UserData\UserDataManager.cpp">
      <Filter>소스 파일\UserData</Filter>
    </ClCompile>
    <ClCompile Include="UserData\UserData.cpp">
      <Filter>소스 파일\UserData</Filter>
    </ClCompile>
    <ClCompile Include="IOCPServer\SocketInfo.cpp">
      <Filter>소스 파일\IOCPServer</Filter>
    </ClCompile>
  </ItemGroup>
  <ItemGroup>
    <ClInclude Include="IOCPServer\IOCPServer.h">
      <Filter>소스 파일\IOCPServer</Filter>
    </ClInclude>
    <ClInclude Include="Protocol\CommunicationProtocol.h">
      <Filter>소스 파일\Protocol</Filter>
    </ClInclude>
    <ClInclude Include="GameRoom\GameRoomManager.h">
      <Filter>소스 파일\Room</Filter>
    </ClInclude>
    <ClInclude Include="Protocol\CommunicationDataStruct.h">
      <Filter>소스 파일\Protocol</Filter>
    </ClInclude>
    <ClInclude Include="SceneNetworkManager\BaseScene.h">
      <Filter>소스 파일\SceneNetworkManager</Filter>
    </ClInclude>
    <ClInclude Include="SceneNetworkManager\_0_TitleScene\TitleScene.h">
      <Filter>소스 파일\SceneNetworkManager\_0_TitleScene</Filter>
    </ClInclude>
    <ClInclude Include="SceneNetworkManager\_1_LoginScene\LoginScene.h">
      <Filter>소스 파일\SceneNetworkManager\_1_LoginScene</Filter>
    </ClInclude>
    <ClInclude Include="SceneNetworkManager\_2_MainUIScene\MainUIScene.h">
      <Filter>소스 파일\SceneNetworkManager\_2_MainUIScene</Filter>
    </ClInclude>
    <ClInclude Include="SceneNetworkManager\_3_LobbyScene\LobbyScene.h">
      <Filter>소스 파일\SceneNetworkManager\_3_LobbyScene</Filter>
    </ClInclude>
    <ClInclude Include="SceneNetworkManager\_4_RoomScene\RoomScene.h">
      <Filter>소스 파일\SceneNetworkManager\_4_RoomScene</Filter>
    </ClInclude>
    <ClInclude Include="SceneNetworkManager\_5_InGameScene\InGameScene.h">
      <Filter>소스 파일\SceneNetworkManager\_5_InGameScene</Filter>
    </ClInclude>
    <ClInclude Include="PCH\stdafx.h">
      <Filter>PCH</Filter>
    </ClInclude>
    <ClInclude Include="IOCPServer\SocketInfo.h">
      <Filter>소스 파일\IOCPServer</Filter>
    </ClInclude>
    <ClInclude Include="GameRoom\Room_List.h">
      <Filter>소스 파일\Room</Filter>
    </ClInclude>
    <ClInclude Include="GameRoom\GameRoom.h">
      <Filter>소스 파일\Room</Filter>
    </ClInclude>
    <ClInclude Include="UserData\UserData.h">
      <Filter>소스 파일\UserData</Filter>
    </ClInclude>
    <ClInclude Include="UserData\UserDataManager.h">
      <Filter>소스 파일\UserData</Filter>
    </ClInclude>
  </ItemGroup>
</Project>